// !$*UTF8*$!
{
	archiveVersion = 1;
	classes = {
	};
	objectVersion = 50;
	objects = {

/* Begin PBXBuildFile section */
		0D771AD6C25DE3AC7DB890DE /* Pods_Code_Adam.framework in Frameworks */ = {isa = PBXBuildFile; fileRef = FDE331E45D07FAA731E0EA33 /* Pods_Code_Adam.framework */; };
		445E3E222245CF4100C732A0 /* InputViewController.swift in Sources */ = {isa = PBXBuildFile; fileRef = 445E3E212245CF4100C732A0 /* InputViewController.swift */; };
		445E3E242246A81600C732A0 /* FindingViewController.swift in Sources */ = {isa = PBXBuildFile; fileRef = 445E3E232246A81600C732A0 /* FindingViewController.swift */; };
		445E3E262246AF1E00C732A0 /* TrackViewController.swift in Sources */ = {isa = PBXBuildFile; fileRef = 445E3E252246AF1E00C732A0 /* TrackViewController.swift */; };
		44D9034D2245969A00C42B26 /* AppDelegate.swift in Sources */ = {isa = PBXBuildFile; fileRef = 44D9034C2245969A00C42B26 /* AppDelegate.swift */; };
		44D9034F2245969A00C42B26 /* ViewController.swift in Sources */ = {isa = PBXBuildFile; fileRef = 44D9034E2245969A00C42B26 /* ViewController.swift */; };
		44D903522245969A00C42B26 /* Main.storyboard in Resources */ = {isa = PBXBuildFile; fileRef = 44D903502245969A00C42B26 /* Main.storyboard */; };
		44D903542245969C00C42B26 /* Assets.xcassets in Resources */ = {isa = PBXBuildFile; fileRef = 44D903532245969C00C42B26 /* Assets.xcassets */; };
		44D903572245969C00C42B26 /* LaunchScreen.storyboard in Resources */ = {isa = PBXBuildFile; fileRef = 44D903552245969C00C42B26 /* LaunchScreen.storyboard */; };
		44D9035F2245ABC700C42B26 /* GoogleService-Info.plist in Resources */ = {isa = PBXBuildFile; fileRef = 44D9035E2245ABC700C42B26 /* GoogleService-Info.plist */; };
/* End PBXBuildFile section */

/* Begin PBXFileReference section */
		393734D8524BFFB66513BE4B /* Pods-Code Adam.debug.xcconfig */ = {isa = PBXFileReference; includeInIndex = 1; lastKnownFileType = text.xcconfig; name = "Pods-Code Adam.debug.xcconfig"; path = "Target Support Files/Pods-Code Adam/Pods-Code Adam.debug.xcconfig"; sourceTree = "<group>"; };
		445E3E212245CF4100C732A0 /* InputViewController.swift */ = {isa = PBXFileReference; lastKnownFileType = sourcecode.swift; path = InputViewController.swift; sourceTree = "<group>"; };
		445E3E232246A81600C732A0 /* FindingViewController.swift */ = {isa = PBXFileReference; lastKnownFileType = sourcecode.swift; path = FindingViewController.swift; sourceTree = "<group>"; };
		445E3E252246AF1E00C732A0 /* TrackViewController.swift */ = {isa = PBXFileReference; lastKnownFileType = sourcecode.swift; path = TrackViewController.swift; sourceTree = "<group>"; };
		44D903492245969A00C42B26 /* Code Adam.app */ = {isa = PBXFileReference; explicitFileType = wrapper.application; includeInIndex = 0; path = "Code Adam.app"; sourceTree = BUILT_PRODUCTS_DIR; };
		44D9034C2245969A00C42B26 /* AppDelegate.swift */ = {isa = PBXFileReference; lastKnownFileType = sourcecode.swift; path = AppDelegate.swift; sourceTree = "<group>"; };
		44D9034E2245969A00C42B26 /* ViewController.swift */ = {isa = PBXFileReference; lastKnownFileType = sourcecode.swift; path = ViewController.swift; sourceTree = "<group>"; };
		44D903512245969A00C42B26 /* Base */ = {isa = PBXFileReference; lastKnownFileType = file.storyboard; name = Base; path = Base.lproj/Main.storyboard; sourceTree = "<group>"; };
		44D903532245969C00C42B26 /* Assets.xcassets */ = {isa = PBXFileReference; lastKnownFileType = folder.assetcatalog; path = Assets.xcassets; sourceTree = "<group>"; };
		44D903562245969C00C42B26 /* Base */ = {isa = PBXFileReference; lastKnownFileType = file.storyboard; name = Base; path = Base.lproj/LaunchScreen.storyboard; sourceTree = "<group>"; };
		44D903582245969C00C42B26 /* Info.plist */ = {isa = PBXFileReference; lastKnownFileType = text.plist.xml; path = Info.plist; sourceTree = "<group>"; };
		44D9035E2245ABC700C42B26 /* GoogleService-Info.plist */ = {isa = PBXFileReference; fileEncoding = 4; lastKnownFileType = text.plist.xml; path = "GoogleService-Info.plist"; sourceTree = "<group>"; };
		44D903602245AE6F00C42B26 /* Code Adam.entitlements */ = {isa = PBXFileReference; lastKnownFileType = text.plist.entitlements; path = "Code Adam.entitlements"; sourceTree = "<group>"; };
		C6CD45F5DC2DDC0DE6F3191A /* Pods-Code Adam.release.xcconfig */ = {isa = PBXFileReference; includeInIndex = 1; lastKnownFileType = text.xcconfig; name = "Pods-Code Adam.release.xcconfig"; path = "Target Support Files/Pods-Code Adam/Pods-Code Adam.release.xcconfig"; sourceTree = "<group>"; };
		FDE331E45D07FAA731E0EA33 /* Pods_Code_Adam.framework */ = {isa = PBXFileReference; explicitFileType = wrapper.framework; includeInIndex = 0; path = Pods_Code_Adam.framework; sourceTree = BUILT_PRODUCTS_DIR; };
/* End PBXFileReference section */

/* Begin PBXFrameworksBuildPhase section */
		44D903462245969A00C42B26 /* Frameworks */ = {
			isa = PBXFrameworksBuildPhase;
			buildActionMask = 2147483647;
			files = (
				0D771AD6C25DE3AC7DB890DE /* Pods_Code_Adam.framework in Frameworks */,
			);
			runOnlyForDeploymentPostprocessing = 0;
		};
/* End PBXFrameworksBuildPhase section */

/* Begin PBXGroup section */
		44D903402245969A00C42B26 = {
			isa = PBXGroup;
			children = (
				44D9034B2245969A00C42B26 /* Code Adam */,
				44D9034A2245969A00C42B26 /* Products */,
				50341A29B4852827E592DEB3 /* Pods */,
				A77A963C0577189B75D7417E /* Frameworks */,
			);
			sourceTree = "<group>";
		};
		44D9034A2245969A00C42B26 /* Products */ = {
			isa = PBXGroup;
			children = (
				44D903492245969A00C42B26 /* Code Adam.app */,
			);
			name = Products;
			sourceTree = "<group>";
		};
		44D9034B2245969A00C42B26 /* Code Adam */ = {
			isa = PBXGroup;
			children = (
				44D903602245AE6F00C42B26 /* Code Adam.entitlements */,
				44D9034C2245969A00C42B26 /* AppDelegate.swift */,
				44D9035E2245ABC700C42B26 /* GoogleService-Info.plist */,
				44D9034E2245969A00C42B26 /* ViewController.swift */,
				44D903502245969A00C42B26 /* Main.storyboard */,
				445E3E252246AF1E00C732A0 /* TrackViewController.swift */,
				445E3E232246A81600C732A0 /* FindingViewController.swift */,
				445E3E212245CF4100C732A0 /* InputViewController.swift */,
				44D903532245969C00C42B26 /* Assets.xcassets */,
				44D903552245969C00C42B26 /* LaunchScreen.storyboard */,
				44D903582245969C00C42B26 /* Info.plist */,
			);
			path = "Code Adam";
			sourceTree = "<group>";
		};
		50341A29B4852827E592DEB3 /* Pods */ = {
			isa = PBXGroup;
			children = (
				393734D8524BFFB66513BE4B /* Pods-Code Adam.debug.xcconfig */,
				C6CD45F5DC2DDC0DE6F3191A /* Pods-Code Adam.release.xcconfig */,
			);
			path = Pods;
			sourceTree = "<group>";
		};
		A77A963C0577189B75D7417E /* Frameworks */ = {
			isa = PBXGroup;
			children = (
				FDE331E45D07FAA731E0EA33 /* Pods_Code_Adam.framework */,
			);
			name = Frameworks;
			sourceTree = "<group>";
		};
/* End PBXGroup section */

/* Begin PBXNativeTarget section */
		44D903482245969A00C42B26 /* Code Adam */ = {
			isa = PBXNativeTarget;
			buildConfigurationList = 44D9035B2245969C00C42B26 /* Build configuration list for PBXNativeTarget "Code Adam" */;
			buildPhases = (
				81AEAF042F2382CC66A76374 /* [CP] Check Pods Manifest.lock */,
				44D903452245969A00C42B26 /* Sources */,
				44D903462245969A00C42B26 /* Frameworks */,
				44D903472245969A00C42B26 /* Resources */,
				9C3FE4D6471141817E0AA438 /* [CP] Embed Pods Frameworks */,
			);
			buildRules = (
			);
			dependencies = (
			);
			name = "Code Adam";
			productName = "Code Adam";
			productReference = 44D903492245969A00C42B26 /* Code Adam.app */;
			productType = "com.apple.product-type.application";
		};
/* End PBXNativeTarget section */

/* Begin PBXProject section */
		44D903412245969A00C42B26 /* Project object */ = {
			isa = PBXProject;
			attributes = {
				LastSwiftUpdateCheck = 1010;
				LastUpgradeCheck = 1010;
				ORGANIZATIONNAME = xiangliu90;
				TargetAttributes = {
					44D903482245969A00C42B26 = {
						CreatedOnToolsVersion = 10.1;
						SystemCapabilities = {
							com.apple.Push = {
								enabled = 1;
							};
						};
					};
				};
			};
			buildConfigurationList = 44D903442245969A00C42B26 /* Build configuration list for PBXProject "Code Adam" */;
			compatibilityVersion = "Xcode 9.3";
			developmentRegion = en;
			hasScannedForEncodings = 0;
			knownRegions = (
				en,
				Base,
			);
			mainGroup = 44D903402245969A00C42B26;
			productRefGroup = 44D9034A2245969A00C42B26 /* Products */;
			projectDirPath = "";
			projectRoot = "";
			targets = (
				44D903482245969A00C42B26 /* Code Adam */,
			);
		};
/* End PBXProject section */

/* Begin PBXResourcesBuildPhase section */
		44D903472245969A00C42B26 /* Resources */ = {
			isa = PBXResourcesBuildPhase;
			buildActionMask = 2147483647;
			files = (
				44D903572245969C00C42B26 /* LaunchScreen.storyboard in Resources */,
				44D9035F2245ABC700C42B26 /* GoogleService-Info.plist in Resources */,
				44D903542245969C00C42B26 /* Assets.xcassets in Resources */,
				44D903522245969A00C42B26 /* Main.storyboard in Resources */,
			);
			runOnlyForDeploymentPostprocessing = 0;
		};
/* End PBXResourcesBuildPhase section */

/* Begin PBXShellScriptBuildPhase section */
		81AEAF042F2382CC66A76374 /* [CP] Check Pods Manifest.lock */ = {
			isa = PBXShellScriptBuildPhase;
			buildActionMask = 2147483647;
			files = (
			);
			inputFileListPaths = (
			);
			inputPaths = (
				"${PODS_PODFILE_DIR_PATH}/Podfile.lock",
				"${PODS_ROOT}/Manifest.lock",
			);
			name = "[CP] Check Pods Manifest.lock";
			outputFileListPaths = (
			);
			outputPaths = (
				"$(DERIVED_FILE_DIR)/Pods-Code Adam-checkManifestLockResult.txt",
			);
			runOnlyForDeploymentPostprocessing = 0;
			shellPath = /bin/sh;
			shellScript = "diff \"${PODS_PODFILE_DIR_PATH}/Podfile.lock\" \"${PODS_ROOT}/Manifest.lock\" > /dev/null\nif [ $? != 0 ] ; then\n    # print error to STDERR\n    echo \"error: The sandbox is not in sync with the Podfile.lock. Run 'pod install' or update your CocoaPods installation.\" >&2\n    exit 1\nfi\n# This output is used by Xcode 'outputs' to avoid re-running this script phase.\necho \"SUCCESS\" > \"${SCRIPT_OUTPUT_FILE_0}\"\n";
			showEnvVarsInLog = 0;
		};
		9C3FE4D6471141817E0AA438 /* [CP] Embed Pods Frameworks */ = {
			isa = PBXShellScriptBuildPhase;
			buildActionMask = 2147483647;
			files = (
			);
			inputFileListPaths = (
			);
			inputPaths = (
				"${PODS_ROOT}/Target Support Files/Pods-Code Adam/Pods-Code Adam-frameworks.sh",
				"${BUILT_PRODUCTS_DIR}/GoogleUtilities/GoogleUtilities.framework",
				"${BUILT_PRODUCTS_DIR}/Protobuf/Protobuf.framework",
				"${BUILT_PRODUCTS_DIR}/nanopb/nanopb.framework",
			);
			name = "[CP] Embed Pods Frameworks";
			outputFileListPaths = (
			);
			outputPaths = (
				"${TARGET_BUILD_DIR}/${FRAMEWORKS_FOLDER_PATH}/GoogleUtilities.framework",
				"${TARGET_BUILD_DIR}/${FRAMEWORKS_FOLDER_PATH}/Protobuf.framework",
				"${TARGET_BUILD_DIR}/${FRAMEWORKS_FOLDER_PATH}/nanopb.framework",
			);
			runOnlyForDeploymentPostprocessing = 0;
			shellPath = /bin/sh;
			shellScript = "\"${PODS_ROOT}/Target Support Files/Pods-Code Adam/Pods-Code Adam-frameworks.sh\"\n";
			showEnvVarsInLog = 0;
		};
/* End PBXShellScriptBuildPhase section */

/* Begin PBXSourcesBuildPhase section */
		44D903452245969A00C42B26 /* Sources */ = {
			isa = PBXSourcesBuildPhase;
			buildActionMask = 2147483647;
			files = (
				445E3E262246AF1E00C732A0 /* TrackViewController.swift in Sources */,
				445E3E242246A81600C732A0 /* FindingViewController.swift in Sources */,
				445E3E222245CF4100C732A0 /* InputViewController.swift in Sources */,
				44D9034F2245969A00C42B26 /* ViewController.swift in Sources */,
				44D9034D2245969A00C42B26 /* AppDelegate.swift in Sources */,
			);
			runOnlyForDeploymentPostprocessing = 0;
		};
/* End PBXSourcesBuildPhase section */

/* Begin PBXVariantGroup section */
		44D903502245969A00C42B26 /* Main.storyboard */ = {
			isa = PBXVariantGroup;
			children = (
				44D903512245969A00C42B26 /* Base */,
			);
			name = Main.storyboard;
			sourceTree = "<group>";
		};
		44D903552245969C00C42B26 /* LaunchScreen.storyboard */ = {
			isa = PBXVariantGroup;
			children = (
				44D903562245969C00C42B26 /* Base */,
			);
			name = LaunchScreen.storyboard;
			sourceTree = "<group>";
		};
/* End PBXVariantGroup section */

/* Begin XCBuildConfiguration section */
		44D903592245969C00C42B26 /* Debug */ = {
			isa = XCBuildConfiguration;
			buildSettings = {
				ALWAYS_SEARCH_USER_PATHS = NO;
				CLANG_ANALYZER_NONNULL = YES;
				CLANG_ANALYZER_NUMBER_OBJECT_CONVERSION = YES_AGGRESSIVE;
				CLANG_CXX_LANGUAGE_STANDARD = "gnu++14";
				CLANG_CXX_LIBRARY = "libc++";
				CLANG_ENABLE_MODULES = YES;
				CLANG_ENABLE_OBJC_ARC = YES;
				CLANG_ENABLE_OBJC_WEAK = YES;
				CLANG_WARN_BLOCK_CAPTURE_AUTORELEASING = YES;
				CLANG_WARN_BOOL_CONVERSION = YES;
				CLANG_WARN_COMMA = YES;
				CLANG_WARN_CONSTANT_CONVERSION = YES;
				CLANG_WARN_DEPRECATED_OBJC_IMPLEMENTATIONS = YES;
				CLANG_WARN_DIRECT_OBJC_ISA_USAGE = YES_ERROR;
				CLANG_WARN_DOCUMENTATION_COMMENTS = YES;
				CLANG_WARN_EMPTY_BODY = YES;
				CLANG_WARN_ENUM_CONVERSION = YES;
				CLANG_WARN_INFINITE_RECURSION = YES;
				CLANG_WARN_INT_CONVERSION = YES;
				CLANG_WARN_NON_LITERAL_NULL_CONVERSION = YES;
				CLANG_WARN_OBJC_IMPLICIT_RETAIN_SELF = YES;
				CLANG_WARN_OBJC_LITERAL_CONVERSION = YES;
				CLANG_WARN_OBJC_ROOT_CLASS = YES_ERROR;
				CLANG_WARN_RANGE_LOOP_ANALYSIS = YES;
				CLANG_WARN_STRICT_PROTOTYPES = YES;
				CLANG_WARN_SUSPICIOUS_MOVE = YES;
				CLANG_WARN_UNGUARDED_AVAILABILITY = YES_AGGRESSIVE;
				CLANG_WARN_UNREACHABLE_CODE = YES;
				CLANG_WARN__DUPLICATE_METHOD_MATCH = YES;
				CODE_SIGN_IDENTITY = "iPhone Developer";
				COPY_PHASE_STRIP = NO;
				DEBUG_INFORMATION_FORMAT = dwarf;
				ENABLE_STRICT_OBJC_MSGSEND = YES;
				ENABLE_TESTABILITY = YES;
				GCC_C_LANGUAGE_STANDARD = gnu11;
				GCC_DYNAMIC_NO_PIC = NO;
				GCC_NO_COMMON_BLOCKS = YES;
				GCC_OPTIMIZATION_LEVEL = 0;
				GCC_PREPROCESSOR_DEFINITIONS = (
					"DEBUG=1",
					"$(inherited)",
				);
				GCC_WARN_64_TO_32_BIT_CONVERSION = YES;
				GCC_WARN_ABOUT_RETURN_TYPE = YES_ERROR;
				GCC_WARN_UNDECLARED_SELECTOR = YES;
				GCC_WARN_UNINITIALIZED_AUTOS = YES_AGGRESSIVE;
				GCC_WARN_UNUSED_FUNCTION = YES;
				GCC_WARN_UNUSED_VARIABLE = YES;
				IPHONEOS_DEPLOYMENT_TARGET = 12.1;
				MTL_ENABLE_DEBUG_INFO = INCLUDE_SOURCE;
				MTL_FAST_MATH = YES;
				ONLY_ACTIVE_ARCH = YES;
				SDKROOT = iphoneos;
				SWIFT_ACTIVE_COMPILATION_CONDITIONS = DEBUG;
				SWIFT_OPTIMIZATION_LEVEL = "-Onone";
			};
			name = Debug;
		};
		44D9035A2245969C00C42B26 /* Release */ = {
			isa = XCBuildConfiguration;
			buildSettings = {
				ALWAYS_SEARCH_USER_PATHS = NO;
				CLANG_ANALYZER_NONNULL = YES;
				CLANG_ANALYZER_NUMBER_OBJECT_CONVERSION = YES_AGGRESSIVE;
				CLANG_CXX_LANGUAGE_STANDARD = "gnu++14";
				CLANG_CXX_LIBRARY = "libc++";
				CLANG_ENABLE_MODULES = YES;
				CLANG_ENABLE_OBJC_ARC = YES;
				CLANG_ENABLE_OBJC_WEAK = YES;
				CLANG_WARN_BLOCK_CAPTURE_AUTORELEASING = YES;
				CLANG_WARN_BOOL_CONVERSION = YES;
				CLANG_WARN_COMMA = YES;
				CLANG_WARN_CONSTANT_CONVERSION = YES;
				CLANG_WARN_DEPRECATED_OBJC_IMPLEMENTATIONS = YES;
				CLANG_WARN_DIRECT_OBJC_ISA_USAGE = YES_ERROR;
				CLANG_WARN_DOCUMENTATION_COMMENTS = YES;
				CLANG_WARN_EMPTY_BODY = YES;
				CLANG_WARN_ENUM_CONVERSION = YES;
				CLANG_WARN_INFINITE_RECURSION = YES;
				CLANG_WARN_INT_CONVERSION = YES;
				CLANG_WARN_NON_LITERAL_NULL_CONVERSION = YES;
				CLANG_WARN_OBJC_IMPLICIT_RETAIN_SELF = YES;
				CLANG_WARN_OBJC_LITERAL_CONVERSION = YES;
				CLANG_WARN_OBJC_ROOT_CLASS = YES_ERROR;
				CLANG_WARN_RANGE_LOOP_ANALYSIS = YES;
				CLANG_WARN_STRICT_PROTOTYPES = YES;
				CLANG_WARN_SUSPICIOUS_MOVE = YES;
				CLANG_WARN_UNGUARDED_AVAILABILITY = YES_AGGRESSIVE;
				CLANG_WARN_UNREACHABLE_CODE = YES;
				CLANG_WARN__DUPLICATE_METHOD_MATCH = YES;
				CODE_SIGN_IDENTITY = "iPhone Developer";
				COPY_PHASE_STRIP = NO;
				DEBUG_INFORMATION_FORMAT = "dwarf-with-dsym";
				ENABLE_NS_ASSERTIONS = NO;
				ENABLE_STRICT_OBJC_MSGSEND = YES;
				GCC_C_LANGUAGE_STANDARD = gnu11;
				GCC_NO_COMMON_BLOCKS = YES;
				GCC_WARN_64_TO_32_BIT_CONVERSION = YES;
				GCC_WARN_ABOUT_RETURN_TYPE = YES_ERROR;
				GCC_WARN_UNDECLARED_SELECTOR = YES;
				GCC_WARN_UNINITIALIZED_AUTOS = YES_AGGRESSIVE;
				GCC_WARN_UNUSED_FUNCTION = YES;
				GCC_WARN_UNUSED_VARIABLE = YES;
				IPHONEOS_DEPLOYMENT_TARGET = 12.1;
				MTL_ENABLE_DEBUG_INFO = NO;
				MTL_FAST_MATH = YES;
				SDKROOT = iphoneos;
				SWIFT_COMPILATION_MODE = wholemodule;
				SWIFT_OPTIMIZATION_LEVEL = "-O";
				VALIDATE_PRODUCT = YES;
			};
			name = Release;
		};
		44D9035C2245969C00C42B26 /* Debug */ = {
			isa = XCBuildConfiguration;
			baseConfigurationReference = 393734D8524BFFB66513BE4B /* Pods-Code Adam.debug.xcconfig */;
			buildSettings = {
				ASSETCATALOG_COMPILER_APPICON_NAME = AppIcon;
				CODE_SIGN_ENTITLEMENTS = "Code Adam/Code Adam.entitlements";
				CODE_SIGN_STYLE = Automatic;
				DEVELOPMENT_TEAM = 532W942Q8W;
				INFOPLIST_FILE = "Code Adam/Info.plist";
				LD_RUNPATH_SEARCH_PATHS = (
					"$(inherited)",
					"@executable_path/Frameworks",
				);
				PRODUCT_BUNDLE_IDENTIFIER = "edu.pitt.xiangliu90.Code-Adam";
				PRODUCT_NAME = "$(TARGET_NAME)";
				SWIFT_VERSION = 4.2;
				TARGETED_DEVICE_FAMILY = "1,2";
			};
			name = Debug;
		};
		44D9035D2245969C00C42B26 /* Release */ = {
			isa = XCBuildConfiguration;
			baseConfigurationReference = C6CD45F5DC2DDC0DE6F3191A /* Pods-Code Adam.release.xcconfig */;
			buildSettings = {
				ASSETCATALOG_COMPILER_APPICON_NAME = AppIcon;
				CODE_SIGN_ENTITLEMENTS = "Code Adam/Code Adam.entitlements";
				CODE_SIGN_STYLE = Automatic;
				DEVELOPMENT_TEAM = 532W942Q8W;
				INFOPLIST_FILE = "Code Adam/Info.plist";
				LD_RUNPATH_SEARCH_PATHS = (
					"$(inherited)",
					"@executable_path/Frameworks",
				);
				PRODUCT_BUNDLE_IDENTIFIER = "edu.pitt.xiangliu90.Code-Adam";
				PRODUCT_NAME = "$(TARGET_NAME)";
				SWIFT_VERSION = 4.2;
				TARGETED_DEVICE_FAMILY = "1,2";
			};
			name = Release;
		};
/* End XCBuildConfiguration section */

/* Begin XCConfigurationList section */
		44D903442245969A00C42B26 /* Build configuration list for PBXProject "Code Adam" */ = {
			isa = XCConfigurationList;
			buildConfigurations = (
				44D903592245969C00C42B26 /* Debug */,
				44D9035A2245969C00C42B26 /* Release */,
			);
			defaultConfigurationIsVisible = 0;
			defaultConfigurationName = Release;
		};
		44D9035B2245969C00C42B26 /* Build configuration list for PBXNativeTarget "Code Adam" */ = {
			isa = XCConfigurationList;
			buildConfigurations = (
				44D9035C2245969C00C42B26 /* Debug */,
				44D9035D2245969C00C42B26 /* Release */,
			);
			defaultConfigurationIsVisible = 0;
			defaultConfigurationName = Release;
		};
/* End XCConfigurationList section */
	};
	rootObject = 44D903412245969A00C42B26 /* Project object */;
}
